
Microsoft Visual Studio Solution File, Format Version 12.00
# Visual Studio 15
Project("{FAE04EC0-301F-11D3-BF4B-00C04F79EFBC}") = "Assembly-CSharp", "Assembly-CSharp.csproj", "{0879E71A-A139-7D59-6D63-D4BEDB2F347E}"
EndProject
Project("{FAE04EC0-301F-11D3-BF4B-00C04F79EFBC}") = "Assembly-CSharp-Editor", "Assembly-CSharp-Editor.csproj", "{BE65ABE2-4ABB-E00B-1DEF-8FBB08531509}"
EndProject
Global
	GlobalSection(SolutionConfigurationPlatforms) = preSolution
		Debug|Any CPU = Debug|Any CPU
		Release|Any CPU = Release|Any CPU
	EndGlobalSection
	GlobalSection(ProjectConfigurationPlatforms) = postSolution
		{0879E71A-A139-7D59-6D63-D4BEDB2F347E}.Debug|Any CPU.ActiveCfg = Debug|Any CPU
		{0879E71A-A139-7D59-6D63-D4BEDB2F347E}.Debug|Any CPU.Build.0 = Debug|Any CPU
		{0879E71A-A139-7D59-6D63-D4BEDB2F347E}.Release|Any CPU.ActiveCfg = Release|Any CPU
		{0879E71A-A139-7D59-6D63-D4BEDB2F347E}.Release|Any CPU.Build.0 = Release|Any CPU
		{BE65ABE2-4ABB-E00B-1DEF-8FBB08531509}.Debug|Any CPU.ActiveCfg = Debug|Any CPU
		{BE65ABE2-4ABB-E00B-1DEF-8FBB08531509}.Debug|Any CPU.Build.0 = Debug|Any CPU
		{BE65ABE2-4ABB-E00B-1DEF-8FBB08531509}.Release|Any CPU.ActiveCfg = Release|Any CPU
		{BE65ABE2-4ABB-E00B-1DEF-8FBB08531509}.Release|Any CPU.Build.0 = Release|Any CPU
	EndGlobalSection
	GlobalSection(SolutionProperties) = preSolution
		HideSolutionNode = FALSE
	EndGlobalSection
EndGlobal
